
Microsoft Visual Studio Solution File, Format Version 12.00
# Visual Studio Version 17
VisualStudioVersion = 17.9.34622.214
MinimumVisualStudioVersion = 10.0.40219.1
Project("{8BC9CEB8-8B4A-11D0-8D11-00A0C91BC942}") = "M3DZ1", "M3DZ1.vcxproj", "{F76ADA7B-8712-4083-8425-2947CB1FEB81}"
EndProject
Global
	GlobalSection(SolutionConfigurationPlatforms) = preSolution
		Debug|x64 = Debug|x64
		Debug|x86 = Debug|x86
		Release|x64 = Release|x64
		Release|x86 = Release|x86
	EndGlobalSection
	GlobalSection(ProjectConfigurationPlatforms) = postSolution
		{F76ADA7B-8712-4083-8425-2947CB1FEB81}.Debug|x64.ActiveCfg = Debug|x64
		{F76ADA7B-8712-4083-8425-2947CB1FEB81}.Debug|x64.Build.0 = Debug|x64
		{F76ADA7B-8712-4083-8425-2947CB1FEB81}.Debug|x86.ActiveCfg = Debug|Win32
		{F76ADA7B-8712-4083-8425-2947CB1FEB81}.Debug|x86.Build.0 = Debug|Win32
		{F76ADA7B-8712-4083-8425-2947CB1FEB81}.Release|x64.ActiveCfg = Release|x64
		{F76ADA7B-8712-4083-8425-2947CB1FEB81}.Release|x64.Build.0 = Release|x64
		{F76ADA7B-8712-4083-8425-2947CB1FEB81}.Release|x86.ActiveCfg = Release|Win32
		{F76ADA7B-8712-4083-8425-2947CB1FEB81}.Release|x86.Build.0 = Release|Win32
	EndGlobalSection
	GlobalSection(SolutionProperties) = preSolution
		HideSolutionNode = FALSE
	EndGlobalSection
	GlobalSection(ExtensibilityGlobals) = postSolution
		SolutionGuid = {0A44D702-F1BB-454C-945A-3E272D67AB0C}
	EndGlobalSection
EndGlobal
